
Microsoft Visual Studio Solution File, Format Version 12.00
# Visual Studio 2013
VisualStudioVersion = 12.0.21005.1
MinimumVisualStudioVersion = 10.0.40219.1
Project("{FAE04EC0-301F-11D3-BF4B-00C04F79EFBC}") = "CardsLibrary", "CardsLibrary\CardsLibrary.csproj", "{A282AD7C-5FD5-45BB-AB7B-FDAFCE499ABE}"
EndProject
Project("{FAE04EC0-301F-11D3-BF4B-00C04F79EFBC}") = "CardsLibraryTest", "CardsLibraryTest\CardsLibraryTest.csproj", "{940D3D6B-EC7C-4446-8D46-2C9A08219811}"
EndProject
Project("{FAE04EC0-301F-11D3-BF4B-00C04F79EFBC}") = "CardGames", "CardGames\CardGames.csproj", "{39FE7877-9F88-4CCA-997C-B698B135333E}"
EndProject
Project("{FAE04EC0-301F-11D3-BF4B-00C04F79EFBC}") = "ConsoleTesting", "ConsoleTesting\ConsoleTesting.csproj", "{AAF7EC14-175C-4CA7-9643-2BCE1CD25D3B}"
EndProject
Global
	GlobalSection(SolutionConfigurationPlatforms) = preSolution
		Debug|Any CPU = Debug|Any CPU
		Debug|Mixed Platforms = Debug|Mixed Platforms
		Debug|x86 = Debug|x86
		Release|Any CPU = Release|Any CPU
		Release|Mixed Platforms = Release|Mixed Platforms
		Release|x86 = Release|x86
	EndGlobalSection
	GlobalSection(ProjectConfigurationPlatforms) = postSolution
		{A282AD7C-5FD5-45BB-AB7B-FDAFCE499ABE}.Debug|Any CPU.ActiveCfg = Debug|Any CPU
		{A282AD7C-5FD5-45BB-AB7B-FDAFCE499ABE}.Debug|Any CPU.Build.0 = Debug|Any CPU
		{A282AD7C-5FD5-45BB-AB7B-FDAFCE499ABE}.Debug|Mixed Platforms.ActiveCfg = Debug|Any CPU
		{A282AD7C-5FD5-45BB-AB7B-FDAFCE499ABE}.Debug|Mixed Platforms.Build.0 = Debug|Any CPU
		{A282AD7C-5FD5-45BB-AB7B-FDAFCE499ABE}.Debug|x86.ActiveCfg = Debug|Any CPU
		{A282AD7C-5FD5-45BB-AB7B-FDAFCE499ABE}.Release|Any CPU.ActiveCfg = Release|Any CPU
		{A282AD7C-5FD5-45BB-AB7B-FDAFCE499ABE}.Release|Any CPU.Build.0 = Release|Any CPU
		{A282AD7C-5FD5-45BB-AB7B-FDAFCE499ABE}.Release|Mixed Platforms.ActiveCfg = Release|Any CPU
		{A282AD7C-5FD5-45BB-AB7B-FDAFCE499ABE}.Release|Mixed Platforms.Build.0 = Release|Any CPU
		{A282AD7C-5FD5-45BB-AB7B-FDAFCE499ABE}.Release|x86.ActiveCfg = Release|Any CPU
		{940D3D6B-EC7C-4446-8D46-2C9A08219811}.Debug|Any CPU.ActiveCfg = Debug|Any CPU
		{940D3D6B-EC7C-4446-8D46-2C9A08219811}.Debug|Any CPU.Build.0 = Debug|Any CPU
		{940D3D6B-EC7C-4446-8D46-2C9A08219811}.Debug|Mixed Platforms.ActiveCfg = Debug|Any CPU
		{940D3D6B-EC7C-4446-8D46-2C9A08219811}.Debug|Mixed Platforms.Build.0 = Debug|Any CPU
		{940D3D6B-EC7C-4446-8D46-2C9A08219811}.Debug|x86.ActiveCfg = Debug|Any CPU
		{940D3D6B-EC7C-4446-8D46-2C9A08219811}.Release|Any CPU.ActiveCfg = Release|Any CPU
		{940D3D6B-EC7C-4446-8D46-2C9A08219811}.Release|Any CPU.Build.0 = Release|Any CPU
		{940D3D6B-EC7C-4446-8D46-2C9A08219811}.Release|Mixed Platforms.ActiveCfg = Release|Any CPU
		{940D3D6B-EC7C-4446-8D46-2C9A08219811}.Release|Mixed Platforms.Build.0 = Release|Any CPU
		{940D3D6B-EC7C-4446-8D46-2C9A08219811}.Release|x86.ActiveCfg = Release|Any CPU
		{39FE7877-9F88-4CCA-997C-B698B135333E}.Debug|Any CPU.ActiveCfg = Debug|Any CPU
		{39FE7877-9F88-4CCA-997C-B698B135333E}.Debug|Any CPU.Build.0 = Debug|Any CPU
		{39FE7877-9F88-4CCA-997C-B698B135333E}.Debug|Mixed Platforms.ActiveCfg = Debug|Any CPU
		{39FE7877-9F88-4CCA-997C-B698B135333E}.Debug|Mixed Platforms.Build.0 = Debug|Any CPU
		{39FE7877-9F88-4CCA-997C-B698B135333E}.Debug|x86.ActiveCfg = Debug|Any CPU
		{39FE7877-9F88-4CCA-997C-B698B135333E}.Release|Any CPU.ActiveCfg = Release|Any CPU
		{39FE7877-9F88-4CCA-997C-B698B135333E}.Release|Any CPU.Build.0 = Release|Any CPU
		{39FE7877-9F88-4CCA-997C-B698B135333E}.Release|Mixed Platforms.ActiveCfg = Release|Any CPU
		{39FE7877-9F88-4CCA-997C-B698B135333E}.Release|Mixed Platforms.Build.0 = Release|Any CPU
		{39FE7877-9F88-4CCA-997C-B698B135333E}.Release|x86.ActiveCfg = Release|Any CPU
		{AAF7EC14-175C-4CA7-9643-2BCE1CD25D3B}.Debug|Any CPU.ActiveCfg = Debug|Any CPU
		{AAF7EC14-175C-4CA7-9643-2BCE1CD25D3B}.Debug|Any CPU.Build.0 = Debug|Any CPU
		{AAF7EC14-175C-4CA7-9643-2BCE1CD25D3B}.Debug|Mixed Platforms.ActiveCfg = Debug|Any CPU
		{AAF7EC14-175C-4CA7-9643-2BCE1CD25D3B}.Debug|Mixed Platforms.Build.0 = Debug|Any CPU
		{AAF7EC14-175C-4CA7-9643-2BCE1CD25D3B}.Debug|x86.ActiveCfg = Debug|Any CPU
		{AAF7EC14-175C-4CA7-9643-2BCE1CD25D3B}.Release|Any CPU.ActiveCfg = Release|Any CPU
		{AAF7EC14-175C-4CA7-9643-2BCE1CD25D3B}.Release|Any CPU.Build.0 = Release|Any CPU
		{AAF7EC14-175C-4CA7-9643-2BCE1CD25D3B}.Release|Mixed Platforms.ActiveCfg = Release|Any CPU
		{AAF7EC14-175C-4CA7-9643-2BCE1CD25D3B}.Release|Mixed Platforms.Build.0 = Release|Any CPU
		{AAF7EC14-175C-4CA7-9643-2BCE1CD25D3B}.Release|x86.ActiveCfg = Release|Any CPU
	EndGlobalSection
	GlobalSection(SolutionProperties) = preSolution
		HideSolutionNode = FALSE
	EndGlobalSection
EndGlobal
